	<Project xmlns="http://schemas.microsoft.com/developer/msbuild/2003">
		<PropertyGroup>
			<ProjectGuid>{872d1dfe-5474-464a-9fdb-50793a660ebc}</ProjectGuid>
			<Configuration Condition=" '$(Configuration)' == '' ">Debug</Configuration>
			<Platform Condition=" '$(Platform)' == '' ">AnyCPU</Platform>
			<DCC_DCCCompiler>DCC32</DCC_DCCCompiler>
			<DCC_DependencyCheckOutputName>..\..\bin\SepiDelphiCompiler\SDC.exe</DCC_DependencyCheckOutputName>
			<MainSource>SDC.dpr</MainSource>
			<ProjectVersion>12.0</ProjectVersion>
			<Config Condition="'$(Config)'==''">Debug</Config>
		</PropertyGroup>
		<PropertyGroup Condition="'$(Config)'=='Base' or '$(Base)'!=''">
			<Base>true</Base>
		</PropertyGroup>
		<PropertyGroup Condition="'$(Config)'=='Release' or '$(Cfg_1)'!=''">
			<Cfg_1>true</Cfg_1>
			<CfgParent>Base</CfgParent>
			<Base>true</Base>
		</PropertyGroup>
		<PropertyGroup Condition="'$(Config)'=='Debug' or '$(Cfg_2)'!=''">
			<Cfg_2>true</Cfg_2>
			<CfgParent>Base</CfgParent>
			<Base>true</Base>
		</PropertyGroup>
		<PropertyGroup Condition="'$(Base)'!=''">
			<UsePackages>true</UsePackages>
			<DCC_DependencyCheckOutputName>SDC.exe</DCC_DependencyCheckOutputName>
			<DCC_UsePackage>vcl;rtl;vclx;dbrtl;vcldb;VclSmp;SCL120;SVCL120;SDL120;SepiCore120;SepiReflection120;SepiInterpreter120;SepiCompiler120;SepiDelphiCompiler120;SepiRTLCommonImport120;SepiRTLSysImport120;SepiSCLImport120;SepiSDLImport120;SepiSVCLImport120;SepiVCLStdImport120;SepiWinTypesImport120</DCC_UsePackage>
		</PropertyGroup>
		<PropertyGroup Condition="'$(Cfg_1)'!=''">
			<DCC_DependencyCheckOutputName>..\..\bin\SepiDelphiCompiler\SDC.exe</DCC_DependencyCheckOutputName>
			<Version>7.0</Version>
			<DCC_DebugInformation>False</DCC_DebugInformation>
			<DCC_LocalDebugSymbols>False</DCC_LocalDebugSymbols>
			<DCC_SymbolReferenceInfo>0</DCC_SymbolReferenceInfo>
			<DCC_Define>RELEASE;$(DCC_Define)</DCC_Define>
			<DCC_SYMBOL_PLATFORM>False</DCC_SYMBOL_PLATFORM>
			<DCC_UNIT_PLATFORM>False</DCC_UNIT_PLATFORM>
			<DCC_COMPARING_SIGNED_UNSIGNED>False</DCC_COMPARING_SIGNED_UNSIGNED>
			<DCC_COMBINING_SIGNED_UNSIGNED>False</DCC_COMBINING_SIGNED_UNSIGNED>
			<DCC_DUPLICATE_CTOR_DTOR>False</DCC_DUPLICATE_CTOR_DTOR>
			<DCC_ExeOutput>$(SEPISDK)\bin\SepiDelphiCompiler</DCC_ExeOutput>
		</PropertyGroup>
		<PropertyGroup Condition="'$(Cfg_2)'!=''">
			<DCC_DependencyCheckOutputName>..\..\bin\SepiDelphiCompiler\SDC.exe</DCC_DependencyCheckOutputName>
			<Version>7.0</Version>
			<DCC_Define>DEBUG;$(DCC_Define)</DCC_Define>
			<DCC_SYMBOL_PLATFORM>False</DCC_SYMBOL_PLATFORM>
			<DCC_UNIT_PLATFORM>False</DCC_UNIT_PLATFORM>
			<DCC_COMPARING_SIGNED_UNSIGNED>False</DCC_COMPARING_SIGNED_UNSIGNED>
			<DCC_COMBINING_SIGNED_UNSIGNED>False</DCC_COMBINING_SIGNED_UNSIGNED>
			<DCC_DUPLICATE_CTOR_DTOR>False</DCC_DUPLICATE_CTOR_DTOR>
			<DCC_ExeOutput>$(SEPISDK)\bin\SepiDelphiCompiler</DCC_ExeOutput>
		</PropertyGroup>
		<ItemGroup>
			<DelphiCompile Include="SDC.dpr">
				<MainSource>MainSource</MainSource>
			</DelphiCompile>
			<DCCReference Include="SDCConsts.pas"/>
			<DCCReference Include="CompilerContext.pas"/>
			<DCCReference Include="CompilerOptions.pas"/>
			<DCCReference Include="Imports.pas"/>
			<BuildConfiguration Include="Base">
				<Key>Base</Key>
			</BuildConfiguration>
			<BuildConfiguration Include="Debug">
				<Key>Cfg_2</Key>
				<CfgParent>Base</CfgParent>
			</BuildConfiguration>
			<BuildConfiguration Include="Release">
				<Key>Cfg_1</Key>
				<CfgParent>Base</CfgParent>
			</BuildConfiguration>
		</ItemGroup>
		<Import Project="$(BDS)\Bin\CodeGear.Delphi.Targets" Condition="Exists('$(BDS)\Bin\CodeGear.Delphi.Targets')"/>
		<ProjectExtensions>
			<Borland.Personality>Delphi.Personality.12</Borland.Personality>
			<Borland.ProjectType/>
			<BorlandProject>
				<Delphi.Personality>
					<Parameters>
						<Parameters Name="UseLauncher">False</Parameters>
						<Parameters Name="LoadAllSymbols">True</Parameters>
						<Parameters Name="LoadUnspecifiedSymbols">False</Parameters>
						<Parameters Name="RunParams">-p Binaries\ -o Binaries\ -s Sources\ Test.pas -w</Parameters>
					</Parameters>
					<VersionInfo>
						<VersionInfo Name="IncludeVerInfo">False</VersionInfo>
						<VersionInfo Name="AutoIncBuild">False</VersionInfo>
						<VersionInfo Name="MajorVer">1</VersionInfo>
						<VersionInfo Name="MinorVer">0</VersionInfo>
						<VersionInfo Name="Release">0</VersionInfo>
						<VersionInfo Name="Build">0</VersionInfo>
						<VersionInfo Name="Debug">False</VersionInfo>
						<VersionInfo Name="PreRelease">False</VersionInfo>
						<VersionInfo Name="Special">False</VersionInfo>
						<VersionInfo Name="Private">False</VersionInfo>
						<VersionInfo Name="DLL">False</VersionInfo>
						<VersionInfo Name="Locale">2060</VersionInfo>
						<VersionInfo Name="CodePage">1252</VersionInfo>
					</VersionInfo>
					<VersionInfoKeys>
						<VersionInfoKeys Name="CompanyName"/>
						<VersionInfoKeys Name="FileDescription"/>
						<VersionInfoKeys Name="FileVersion">1.0.0.0</VersionInfoKeys>
						<VersionInfoKeys Name="InternalName"/>
						<VersionInfoKeys Name="LegalCopyright"/>
						<VersionInfoKeys Name="LegalTrademarks"/>
						<VersionInfoKeys Name="OriginalFilename"/>
						<VersionInfoKeys Name="ProductName"/>
						<VersionInfoKeys Name="ProductVersion">1.0.0.0</VersionInfoKeys>
						<VersionInfoKeys Name="Comments"/>
					</VersionInfoKeys>
					<Excluded_Packages>
						<Excluded_Packages Name="$(BDS)\bin\dcloffice2k120.bpl">Composants Microsoft Office 2000 Sample Automation Server Wrapper</Excluded_Packages>
						<Excluded_Packages Name="$(BDS)\bin\dclofficexp120.bpl">Composants Microsoft Office XP Sample Automation Server Wrapper</Excluded_Packages>
					</Excluded_Packages>
					<Source>
						<Source Name="MainSource">SDC.dpr</Source>
					</Source>
				</Delphi.Personality>
			</BorlandProject>
			<ProjectFileVersion>12</ProjectFileVersion>
		</ProjectExtensions>
	</Project>
